
Microsoft Visual Studio Solution File, Format Version 12.00
Project("{FAE04EC0-301F-11D3-BF4B-00C04F79EFBC}") = "NPublisher", "NPublisher\NPublisher.csproj", "{52F66F5D-E83C-407D-ABC8-310978DFB726}"
EndProject
Global
	GlobalSection(SolutionConfigurationPlatforms) = preSolution
		Debug|Any CPU = Debug|Any CPU
		Release|Any CPU = Release|Any CPU
	EndGlobalSection
	GlobalSection(ProjectConfigurationPlatforms) = postSolution
		{52F66F5D-E83C-407D-ABC8-310978DFB726}.Debug|Any CPU.ActiveCfg = Debug|Any CPU
		{52F66F5D-E83C-407D-ABC8-310978DFB726}.Debug|Any CPU.Build.0 = Debug|Any CPU
		{52F66F5D-E83C-407D-ABC8-310978DFB726}.Release|Any CPU.ActiveCfg = Release|Any CPU
		{52F66F5D-E83C-407D-ABC8-310978DFB726}.Release|Any CPU.Build.0 = Release|Any CPU
	EndGlobalSection
EndGlobal
